
Microsoft Visual Studio Solution File, Format Version 11.00
# Visual Studio 2010
Project("{FAE04EC0-301F-11D3-BF4B-00C04F79EFBC}") = "Microsoft.Build.CPPTasks.Android", "vs-mingw.csproj", "{07E8697F-0989-4D9C-B094-677B46A84C0F}"
EndProject
Global
	GlobalSection(SolutionConfigurationPlatforms) = preSolution
		Debug|Any CPU = Debug|Any CPU
		Release|Any CPU = Release|Any CPU
	EndGlobalSection
	GlobalSection(ProjectConfigurationPlatforms) = postSolution
		{07E8697F-0989-4D9C-B094-677B46A84C0F}.Debug|Any CPU.ActiveCfg = Debug|Any CPU
		{07E8697F-0989-4D9C-B094-677B46A84C0F}.Debug|Any CPU.Build.0 = Debug|Any CPU
		{07E8697F-0989-4D9C-B094-677B46A84C0F}.Release|Any CPU.ActiveCfg = Release|Any CPU
		{07E8697F-0989-4D9C-B094-677B46A84C0F}.Release|Any CPU.Build.0 = Release|Any CPU
	EndGlobalSection
	GlobalSection(SolutionProperties) = preSolution
		HideSolutionNode = FALSE
	EndGlobalSection
EndGlobal
